
Microsoft Visual Studio Solution File, Format Version 12.00
# Visual Studio Version 17
VisualStudioVersion = 17.0.32112.339
MinimumVisualStudioVersion = 10.0.40219.1
Project("{2150E333-8FDC-42A3-9474-1A3956D46DE8}") = "src", "src", "{26CF57E9-AFEB-4FEE-9FED-56F0B7763570}"
EndProject
Project("{2150E333-8FDC-42A3-9474-1A3956D46DE8}") = "Solution Items", "Solution Items", "{4D9C9369-CCC0-4920-8187-5B3A7B7466A4}"
	ProjectSection(SolutionItems) = preProject
		..\.github\workflows\ContinuousIntegration.yml = ..\.github\workflows\ContinuousIntegration.yml
		..\.github\workflows\ContinuousIntegrationDebug.yml = ..\.github\workflows\ContinuousIntegrationDebug.yml
		..\README.md = ..\README.md
	EndProjectSection
EndProject
Project("{9A19103F-16F7-4668-BE54-9A1E7A4F7556}") = "EmberPlusProviderClassLib", "EmberPlusProviderClassLib\EmberPlusProviderClassLib.csproj", "{42719778-6954-4D5C-BE2C-8953CEC2D923}"
EndProject
Project("{2150E333-8FDC-42A3-9474-1A3956D46DE8}") = "ember-plus", "ember-plus", "{0332B55E-DE3D-42F3-AA4B-8D113EB3B6CE}"
EndProject
Project("{9A19103F-16F7-4668-BE54-9A1E7A4F7556}") = "BerLib", "EmberLib.net\BerLib\BerLib.csproj", "{2E6FBAFB-DEC3-4A96-BF34-A40265F21F7B}"
EndProject
Project("{9A19103F-16F7-4668-BE54-9A1E7A4F7556}") = "EmberLib", "EmberLib.net\EmberLib\EmberLib.csproj", "{9C4ABE8B-72FF-4BB1-AE4B-7124E5B3BB94}"
EndProject
Project("{9A19103F-16F7-4668-BE54-9A1E7A4F7556}") = "EmberLib.Framing", "EmberLib.net\EmberLib.Framing\EmberLib.Framing.csproj", "{5A06082B-26C4-4F78-84E8-EE97015F0187}"
EndProject
Project("{9A19103F-16F7-4668-BE54-9A1E7A4F7556}") = "EmberLib.Glow", "EmberLib.net\EmberLib.Glow\EmberLib.Glow.csproj", "{A57FAA3F-DFB4-4A79-9B6A-F3222140C595}"
EndProject
Project("{9A19103F-16F7-4668-BE54-9A1E7A4F7556}") = "Nuget.EmberPlusProviderLib.NetStandard", "Nuget.EmberPlusProviderLib.NetStandard\Nuget.EmberPlusProviderLib.NetStandard.csproj", "{01EA72F4-4731-446E-ABE4-FFBF60E67248}"
EndProject
Global
	GlobalSection(SolutionConfigurationPlatforms) = preSolution
		Debug|Any CPU = Debug|Any CPU
		Debug|x64 = Debug|x64
		Debug|x86 = Debug|x86
		PackNuGet|Any CPU = PackNuGet|Any CPU
		PackNuGet|x64 = PackNuGet|x64
		PackNuGet|x86 = PackNuGet|x86
		Release|Any CPU = Release|Any CPU
		Release|x64 = Release|x64
		Release|x86 = Release|x86
	EndGlobalSection
	GlobalSection(ProjectConfigurationPlatforms) = postSolution
		{42719778-6954-4D5C-BE2C-8953CEC2D923}.Debug|Any CPU.ActiveCfg = Debug|Any CPU
		{42719778-6954-4D5C-BE2C-8953CEC2D923}.Debug|Any CPU.Build.0 = Debug|Any CPU
		{42719778-6954-4D5C-BE2C-8953CEC2D923}.Debug|x64.ActiveCfg = Debug|Any CPU
		{42719778-6954-4D5C-BE2C-8953CEC2D923}.Debug|x64.Build.0 = Debug|Any CPU
		{42719778-6954-4D5C-BE2C-8953CEC2D923}.Debug|x86.ActiveCfg = Debug|Any CPU
		{42719778-6954-4D5C-BE2C-8953CEC2D923}.Debug|x86.Build.0 = Debug|Any CPU
		{42719778-6954-4D5C-BE2C-8953CEC2D923}.PackNuGet|Any CPU.ActiveCfg = Release|Any CPU
		{42719778-6954-4D5C-BE2C-8953CEC2D923}.PackNuGet|Any CPU.Build.0 = Release|Any CPU
		{42719778-6954-4D5C-BE2C-8953CEC2D923}.PackNuGet|x64.ActiveCfg = Release|Any CPU
		{42719778-6954-4D5C-BE2C-8953CEC2D923}.PackNuGet|x64.Build.0 = Release|Any CPU
		{42719778-6954-4D5C-BE2C-8953CEC2D923}.PackNuGet|x86.ActiveCfg = Release|Any CPU
		{42719778-6954-4D5C-BE2C-8953CEC2D923}.PackNuGet|x86.Build.0 = Release|Any CPU
		{42719778-6954-4D5C-BE2C-8953CEC2D923}.Release|Any CPU.ActiveCfg = Release|Any CPU
		{42719778-6954-4D5C-BE2C-8953CEC2D923}.Release|Any CPU.Build.0 = Release|Any CPU
		{42719778-6954-4D5C-BE2C-8953CEC2D923}.Release|x64.ActiveCfg = Release|Any CPU
		{42719778-6954-4D5C-BE2C-8953CEC2D923}.Release|x64.Build.0 = Release|Any CPU
		{42719778-6954-4D5C-BE2C-8953CEC2D923}.Release|x86.ActiveCfg = Release|Any CPU
		{42719778-6954-4D5C-BE2C-8953CEC2D923}.Release|x86.Build.0 = Release|Any CPU
		{2E6FBAFB-DEC3-4A96-BF34-A40265F21F7B}.Debug|Any CPU.ActiveCfg = Debug|Any CPU
		{2E6FBAFB-DEC3-4A96-BF34-A40265F21F7B}.Debug|Any CPU.Build.0 = Debug|Any CPU
		{2E6FBAFB-DEC3-4A96-BF34-A40265F21F7B}.Debug|x64.ActiveCfg = Debug|Any CPU
		{2E6FBAFB-DEC3-4A96-BF34-A40265F21F7B}.Debug|x64.Build.0 = Debug|Any CPU
		{2E6FBAFB-DEC3-4A96-BF34-A40265F21F7B}.Debug|x86.ActiveCfg = Debug|Any CPU
		{2E6FBAFB-DEC3-4A96-BF34-A40265F21F7B}.Debug|x86.Build.0 = Debug|Any CPU
		{2E6FBAFB-DEC3-4A96-BF34-A40265F21F7B}.PackNuGet|Any CPU.ActiveCfg = Release|Any CPU
		{2E6FBAFB-DEC3-4A96-BF34-A40265F21F7B}.PackNuGet|Any CPU.Build.0 = Release|Any CPU
		{2E6FBAFB-DEC3-4A96-BF34-A40265F21F7B}.PackNuGet|x64.ActiveCfg = Release|Any CPU
		{2E6FBAFB-DEC3-4A96-BF34-A40265F21F7B}.PackNuGet|x64.Build.0 = Release|Any CPU
		{2E6FBAFB-DEC3-4A96-BF34-A40265F21F7B}.PackNuGet|x86.ActiveCfg = Release|Any CPU
		{2E6FBAFB-DEC3-4A96-BF34-A40265F21F7B}.PackNuGet|x86.Build.0 = Release|Any CPU
		{2E6FBAFB-DEC3-4A96-BF34-A40265F21F7B}.Release|Any CPU.ActiveCfg = Release|Any CPU
		{2E6FBAFB-DEC3-4A96-BF34-A40265F21F7B}.Release|Any CPU.Build.0 = Release|Any CPU
		{2E6FBAFB-DEC3-4A96-BF34-A40265F21F7B}.Release|x64.ActiveCfg = Release|Any CPU
		{2E6FBAFB-DEC3-4A96-BF34-A40265F21F7B}.Release|x64.Build.0 = Release|Any CPU
		{2E6FBAFB-DEC3-4A96-BF34-A40265F21F7B}.Release|x86.ActiveCfg = Release|Any CPU
		{2E6FBAFB-DEC3-4A96-BF34-A40265F21F7B}.Release|x86.Build.0 = Release|Any CPU
		{9C4ABE8B-72FF-4BB1-AE4B-7124E5B3BB94}.Debug|Any CPU.ActiveCfg = Debug|Any CPU
		{9C4ABE8B-72FF-4BB1-AE4B-7124E5B3BB94}.Debug|Any CPU.Build.0 = Debug|Any CPU
		{9C4ABE8B-72FF-4BB1-AE4B-7124E5B3BB94}.Debug|x64.ActiveCfg = Debug|Any CPU
		{9C4ABE8B-72FF-4BB1-AE4B-7124E5B3BB94}.Debug|x64.Build.0 = Debug|Any CPU
		{9C4ABE8B-72FF-4BB1-AE4B-7124E5B3BB94}.Debug|x86.ActiveCfg = Debug|Any CPU
		{9C4ABE8B-72FF-4BB1-AE4B-7124E5B3BB94}.Debug|x86.Build.0 = Debug|Any CPU
		{9C4ABE8B-72FF-4BB1-AE4B-7124E5B3BB94}.PackNuGet|Any CPU.ActiveCfg = Release|Any CPU
		{9C4ABE8B-72FF-4BB1-AE4B-7124E5B3BB94}.PackNuGet|Any CPU.Build.0 = Release|Any CPU
		{9C4ABE8B-72FF-4BB1-AE4B-7124E5B3BB94}.PackNuGet|x64.ActiveCfg = Release|Any CPU
		{9C4ABE8B-72FF-4BB1-AE4B-7124E5B3BB94}.PackNuGet|x64.Build.0 = Release|Any CPU
		{9C4ABE8B-72FF-4BB1-AE4B-7124E5B3BB94}.PackNuGet|x86.ActiveCfg = Release|Any CPU
		{9C4ABE8B-72FF-4BB1-AE4B-7124E5B3BB94}.PackNuGet|x86.Build.0 = Release|Any CPU
		{9C4ABE8B-72FF-4BB1-AE4B-7124E5B3BB94}.Release|Any CPU.ActiveCfg = Release|Any CPU
		{9C4ABE8B-72FF-4BB1-AE4B-7124E5B3BB94}.Release|Any CPU.Build.0 = Release|Any CPU
		{9C4ABE8B-72FF-4BB1-AE4B-7124E5B3BB94}.Release|x64.ActiveCfg = Release|Any CPU
		{9C4ABE8B-72FF-4BB1-AE4B-7124E5B3BB94}.Release|x64.Build.0 = Release|Any CPU
		{9C4ABE8B-72FF-4BB1-AE4B-7124E5B3BB94}.Release|x86.ActiveCfg = Release|Any CPU
		{9C4ABE8B-72FF-4BB1-AE4B-7124E5B3BB94}.Release|x86.Build.0 = Release|Any CPU
		{5A06082B-26C4-4F78-84E8-EE97015F0187}.Debug|Any CPU.ActiveCfg = Debug|Any CPU
		{5A06082B-26C4-4F78-84E8-EE97015F0187}.Debug|Any CPU.Build.0 = Debug|Any CPU
		{5A06082B-26C4-4F78-84E8-EE97015F0187}.Debug|x64.ActiveCfg = Debug|Any CPU
		{5A06082B-26C4-4F78-84E8-EE97015F0187}.Debug|x64.Build.0 = Debug|Any CPU
		{5A06082B-26C4-4F78-84E8-EE97015F0187}.Debug|x86.ActiveCfg = Debug|Any CPU
		{5A06082B-26C4-4F78-84E8-EE97015F0187}.Debug|x86.Build.0 = Debug|Any CPU
		{5A06082B-26C4-4F78-84E8-EE97015F0187}.PackNuGet|Any CPU.ActiveCfg = Release|Any CPU
		{5A06082B-26C4-4F78-84E8-EE97015F0187}.PackNuGet|Any CPU.Build.0 = Release|Any CPU
		{5A06082B-26C4-4F78-84E8-EE97015F0187}.PackNuGet|x64.ActiveCfg = Release|Any CPU
		{5A06082B-26C4-4F78-84E8-EE97015F0187}.PackNuGet|x64.Build.0 = Release|Any CPU
		{5A06082B-26C4-4F78-84E8-EE97015F0187}.PackNuGet|x86.ActiveCfg = Release|Any CPU
		{5A06082B-26C4-4F78-84E8-EE97015F0187}.PackNuGet|x86.Build.0 = Release|Any CPU
		{5A06082B-26C4-4F78-84E8-EE97015F0187}.Release|Any CPU.ActiveCfg = Release|Any CPU
		{5A06082B-26C4-4F78-84E8-EE97015F0187}.Release|Any CPU.Build.0 = Release|Any CPU
		{5A06082B-26C4-4F78-84E8-EE97015F0187}.Release|x64.ActiveCfg = Release|Any CPU
		{5A06082B-26C4-4F78-84E8-EE97015F0187}.Release|x64.Build.0 = Release|Any CPU
		{5A06082B-26C4-4F78-84E8-EE97015F0187}.Release|x86.ActiveCfg = Release|Any CPU
		{5A06082B-26C4-4F78-84E8-EE97015F0187}.Release|x86.Build.0 = Release|Any CPU
		{A57FAA3F-DFB4-4A79-9B6A-F3222140C595}.Debug|Any CPU.ActiveCfg = Debug|Any CPU
		{A57FAA3F-DFB4-4A79-9B6A-F3222140C595}.Debug|Any CPU.Build.0 = Debug|Any CPU
		{A57FAA3F-DFB4-4A79-9B6A-F3222140C595}.Debug|x64.ActiveCfg = Debug|Any CPU
		{A57FAA3F-DFB4-4A79-9B6A-F3222140C595}.Debug|x64.Build.0 = Debug|Any CPU
		{A57FAA3F-DFB4-4A79-9B6A-F3222140C595}.Debug|x86.ActiveCfg = Debug|Any CPU
		{A57FAA3F-DFB4-4A79-9B6A-F3222140C595}.Debug|x86.Build.0 = Debug|Any CPU
		{A57FAA3F-DFB4-4A79-9B6A-F3222140C595}.PackNuGet|Any CPU.ActiveCfg = Release|Any CPU
		{A57FAA3F-DFB4-4A79-9B6A-F3222140C595}.PackNuGet|Any CPU.Build.0 = Release|Any CPU
		{A57FAA3F-DFB4-4A79-9B6A-F3222140C595}.PackNuGet|x64.ActiveCfg = Release|Any CPU
		{A57FAA3F-DFB4-4A79-9B6A-F3222140C595}.PackNuGet|x64.Build.0 = Release|Any CPU
		{A57FAA3F-DFB4-4A79-9B6A-F3222140C595}.PackNuGet|x86.ActiveCfg = Release|Any CPU
		{A57FAA3F-DFB4-4A79-9B6A-F3222140C595}.PackNuGet|x86.Build.0 = Release|Any CPU
		{A57FAA3F-DFB4-4A79-9B6A-F3222140C595}.Release|Any CPU.ActiveCfg = Release|Any CPU
		{A57FAA3F-DFB4-4A79-9B6A-F3222140C595}.Release|Any CPU.Build.0 = Release|Any CPU
		{A57FAA3F-DFB4-4A79-9B6A-F3222140C595}.Release|x64.ActiveCfg = Release|Any CPU
		{A57FAA3F-DFB4-4A79-9B6A-F3222140C595}.Release|x64.Build.0 = Release|Any CPU
		{A57FAA3F-DFB4-4A79-9B6A-F3222140C595}.Release|x86.ActiveCfg = Release|Any CPU
		{A57FAA3F-DFB4-4A79-9B6A-F3222140C595}.Release|x86.Build.0 = Release|Any CPU
		{01EA72F4-4731-446E-ABE4-FFBF60E67248}.Debug|Any CPU.ActiveCfg = Debug|Any CPU
		{01EA72F4-4731-446E-ABE4-FFBF60E67248}.Debug|Any CPU.Build.0 = Debug|Any CPU
		{01EA72F4-4731-446E-ABE4-FFBF60E67248}.Debug|x64.ActiveCfg = Debug|Any CPU
		{01EA72F4-4731-446E-ABE4-FFBF60E67248}.Debug|x64.Build.0 = Debug|Any CPU
		{01EA72F4-4731-446E-ABE4-FFBF60E67248}.Debug|x86.ActiveCfg = Debug|Any CPU
		{01EA72F4-4731-446E-ABE4-FFBF60E67248}.Debug|x86.Build.0 = Debug|Any CPU
		{01EA72F4-4731-446E-ABE4-FFBF60E67248}.PackNuGet|Any CPU.ActiveCfg = PackNuGet|Any CPU
		{01EA72F4-4731-446E-ABE4-FFBF60E67248}.PackNuGet|Any CPU.Build.0 = PackNuGet|Any CPU
		{01EA72F4-4731-446E-ABE4-FFBF60E67248}.PackNuGet|x64.ActiveCfg = PackNuGet|Any CPU
		{01EA72F4-4731-446E-ABE4-FFBF60E67248}.PackNuGet|x64.Build.0 = PackNuGet|Any CPU
		{01EA72F4-4731-446E-ABE4-FFBF60E67248}.PackNuGet|x86.ActiveCfg = PackNuGet|Any CPU
		{01EA72F4-4731-446E-ABE4-FFBF60E67248}.PackNuGet|x86.Build.0 = PackNuGet|Any CPU
		{01EA72F4-4731-446E-ABE4-FFBF60E67248}.Release|Any CPU.ActiveCfg = Release|Any CPU
		{01EA72F4-4731-446E-ABE4-FFBF60E67248}.Release|Any CPU.Build.0 = Release|Any CPU
		{01EA72F4-4731-446E-ABE4-FFBF60E67248}.Release|x64.ActiveCfg = Release|Any CPU
		{01EA72F4-4731-446E-ABE4-FFBF60E67248}.Release|x64.Build.0 = Release|Any CPU
		{01EA72F4-4731-446E-ABE4-FFBF60E67248}.Release|x86.ActiveCfg = Release|Any CPU
		{01EA72F4-4731-446E-ABE4-FFBF60E67248}.Release|x86.Build.0 = Release|Any CPU
	EndGlobalSection
	GlobalSection(SolutionProperties) = preSolution
		HideSolutionNode = FALSE
	EndGlobalSection
	GlobalSection(NestedProjects) = preSolution
		{42719778-6954-4D5C-BE2C-8953CEC2D923} = {26CF57E9-AFEB-4FEE-9FED-56F0B7763570}
		{0332B55E-DE3D-42F3-AA4B-8D113EB3B6CE} = {26CF57E9-AFEB-4FEE-9FED-56F0B7763570}
		{2E6FBAFB-DEC3-4A96-BF34-A40265F21F7B} = {0332B55E-DE3D-42F3-AA4B-8D113EB3B6CE}
		{9C4ABE8B-72FF-4BB1-AE4B-7124E5B3BB94} = {0332B55E-DE3D-42F3-AA4B-8D113EB3B6CE}
		{5A06082B-26C4-4F78-84E8-EE97015F0187} = {0332B55E-DE3D-42F3-AA4B-8D113EB3B6CE}
		{A57FAA3F-DFB4-4A79-9B6A-F3222140C595} = {0332B55E-DE3D-42F3-AA4B-8D113EB3B6CE}
		{01EA72F4-4731-446E-ABE4-FFBF60E67248} = {26CF57E9-AFEB-4FEE-9FED-56F0B7763570}
	EndGlobalSection
	GlobalSection(ExtensibilityGlobals) = postSolution
		SolutionGuid = {0518604E-806C-4E29-8C04-7B7B93EDD808}
	EndGlobalSection
EndGlobal
